
Microsoft Visual Studio Solution File, Format Version 12.00
# Visual Studio 15
VisualStudioVersion = 15.0.28010.2048
MinimumVisualStudioVersion = 10.0.40219.1
Project("{888888A0-9F3D-457C-B088-3A5042F75D52}") = "DinoHopper", "DinoHopper\DinoHopper.pyproj", "{6126CFAE-61C8-4908-878C-2464EF94F131}"
EndProject
Global
	GlobalSection(SolutionConfigurationPlatforms) = preSolution
		Debug|Any CPU = Debug|Any CPU
		Release|Any CPU = Release|Any CPU
	EndGlobalSection
	GlobalSection(ProjectConfigurationPlatforms) = postSolution
		{6126CFAE-61C8-4908-878C-2464EF94F131}.Debug|Any CPU.ActiveCfg = Debug|Any CPU
		{6126CFAE-61C8-4908-878C-2464EF94F131}.Release|Any CPU.ActiveCfg = Release|Any CPU
	EndGlobalSection
	GlobalSection(SolutionProperties) = preSolution
		HideSolutionNode = FALSE
	EndGlobalSection
	GlobalSection(ExtensibilityGlobals) = postSolution
		SolutionGuid = {40152EE9-F840-47C1-B7D5-F2D5BAB76408}
	EndGlobalSection
EndGlobal
